
Microsoft Visual Studio Solution File, Format Version 12.00
# Visual Studio Version 17
VisualStudioVersion = 17.9.34622.214
MinimumVisualStudioVersion = 10.0.40219.1
Project("{9A19103F-16F7-4668-BE54-9A1E7A4F7556}") = "BirthflowService.API", "Birthflow_Service.Service\BirthflowService.API.csproj", "{1622D955-BF14-4EE7-8740-19183DBDD3BA}"
EndProject
Project("{2150E333-8FDC-42A3-9474-1A3956D46DE8}") = "Elementos de la solución", "Elementos de la solución", "{59903DF5-4060-4F30-A574-DE3E060F0C67}"
	ProjectSection(SolutionItems) = preProject
		.gitignore = .gitignore
	EndProjectSection
EndProject
Project("{9A19103F-16F7-4668-BE54-9A1E7A4F7556}") = "BirthflowService.Application", "Birthflow_Service.Application\BirthflowService.Application.csproj", "{852A77E6-00D0-4C17-A5C2-89A779203F33}"
EndProject
Project("{9A19103F-16F7-4668-BE54-9A1E7A4F7556}") = "BirthflowService.Infraestructure", "Birthflow_Service.Infraestructure\BirthflowService.Infraestructure.csproj", "{AA6DB9D6-3DAC-4B6C-BD8F-0C588DEB8A9B}"
EndProject
Project("{9A19103F-16F7-4668-BE54-9A1E7A4F7556}") = "BirthflowService.Domain", "Birthflow_Service.Domain\BirthflowService.Domain.csproj", "{759B51C4-67A6-46CC-88C7-4737DC11ADD7}"
EndProject
Global
	GlobalSection(SolutionConfigurationPlatforms) = preSolution
		Debug|Any CPU = Debug|Any CPU
		Release|Any CPU = Release|Any CPU
	EndGlobalSection
	GlobalSection(ProjectConfigurationPlatforms) = postSolution
		{1622D955-BF14-4EE7-8740-19183DBDD3BA}.Debug|Any CPU.ActiveCfg = Debug|Any CPU
		{1622D955-BF14-4EE7-8740-19183DBDD3BA}.Debug|Any CPU.Build.0 = Debug|Any CPU
		{1622D955-BF14-4EE7-8740-19183DBDD3BA}.Release|Any CPU.ActiveCfg = Release|Any CPU
		{1622D955-BF14-4EE7-8740-19183DBDD3BA}.Release|Any CPU.Build.0 = Release|Any CPU
		{852A77E6-00D0-4C17-A5C2-89A779203F33}.Debug|Any CPU.ActiveCfg = Debug|Any CPU
		{852A77E6-00D0-4C17-A5C2-89A779203F33}.Debug|Any CPU.Build.0 = Debug|Any CPU
		{852A77E6-00D0-4C17-A5C2-89A779203F33}.Release|Any CPU.ActiveCfg = Release|Any CPU
		{852A77E6-00D0-4C17-A5C2-89A779203F33}.Release|Any CPU.Build.0 = Release|Any CPU
		{AA6DB9D6-3DAC-4B6C-BD8F-0C588DEB8A9B}.Debug|Any CPU.ActiveCfg = Debug|Any CPU
		{AA6DB9D6-3DAC-4B6C-BD8F-0C588DEB8A9B}.Debug|Any CPU.Build.0 = Debug|Any CPU
		{AA6DB9D6-3DAC-4B6C-BD8F-0C588DEB8A9B}.Release|Any CPU.ActiveCfg = Release|Any CPU
		{AA6DB9D6-3DAC-4B6C-BD8F-0C588DEB8A9B}.Release|Any CPU.Build.0 = Release|Any CPU
		{759B51C4-67A6-46CC-88C7-4737DC11ADD7}.Debug|Any CPU.ActiveCfg = Debug|Any CPU
		{759B51C4-67A6-46CC-88C7-4737DC11ADD7}.Debug|Any CPU.Build.0 = Debug|Any CPU
		{759B51C4-67A6-46CC-88C7-4737DC11ADD7}.Release|Any CPU.ActiveCfg = Release|Any CPU
		{759B51C4-67A6-46CC-88C7-4737DC11ADD7}.Release|Any CPU.Build.0 = Release|Any CPU
	EndGlobalSection
	GlobalSection(SolutionProperties) = preSolution
		HideSolutionNode = FALSE
	EndGlobalSection
	GlobalSection(ExtensibilityGlobals) = postSolution
		SolutionGuid = {09CB4C52-A88E-46F1-A155-399E2CE9AAF9}
	EndGlobalSection
EndGlobal
